
Microsoft Visual Studio Solution File, Format Version 12.00
# Visual Studio Version 16
VisualStudioVersion = 16.0.30503.244
MinimumVisualStudioVersion = 10.0.40219.1
Project("{FAE04EC0-301F-11D3-BF4B-00C04F79EFBC}") = "ListProjects", "ListProjects\ListProjects.csproj", "{EE17E764-20CB-4AFF-9A1D-7E6EE51F2FDC}"
EndProject
Global
	GlobalSection(SolutionConfigurationPlatforms) = preSolution
		Debug|Any CPU = Debug|Any CPU
		Release|Any CPU = Release|Any CPU
	EndGlobalSection
	GlobalSection(ProjectConfigurationPlatforms) = postSolution
		{EE17E764-20CB-4AFF-9A1D-7E6EE51F2FDC}.Debug|Any CPU.ActiveCfg = Debug|Any CPU
		{EE17E764-20CB-4AFF-9A1D-7E6EE51F2FDC}.Debug|Any CPU.Build.0 = Debug|Any CPU
		{EE17E764-20CB-4AFF-9A1D-7E6EE51F2FDC}.Release|Any CPU.ActiveCfg = Release|Any CPU
		{EE17E764-20CB-4AFF-9A1D-7E6EE51F2FDC}.Release|Any CPU.Build.0 = Release|Any CPU
	EndGlobalSection
	GlobalSection(SolutionProperties) = preSolution
		HideSolutionNode = FALSE
	EndGlobalSection
	GlobalSection(ExtensibilityGlobals) = postSolution
		SolutionGuid = {4A7CEC26-CDD4-4E20-A8CA-E640475773A8}
	EndGlobalSection
EndGlobal
